// !$*UTF8*$!
{
	archiveVersion = 1;
	classes = {
	};
	objectVersion = 50;
	objects = {

/* Begin PBXBuildFile section */
		0F40C64D246730C200455438 /* First Watch App WatchKit App.app in Embed Watch Content */ = {isa = PBXBuildFile; fileRef = 0F40C64C246730C200455438 /* First Watch App WatchKit App.app */; settings = {ATTRIBUTES = (RemoveHeadersOnCopy, ); }; };
		0F40C653246730C200455438 /* Interface.storyboard in Resources */ = {isa = PBXBuildFile; fileRef = 0F40C651246730C200455438 /* Interface.storyboard */; };
		0F40C655246730C400455438 /* Assets.xcassets in Resources */ = {isa = PBXBuildFile; fileRef = 0F40C654246730C400455438 /* Assets.xcassets */; };
		0F40C65C246730C400455438 /* First Watch App WatchKit Extension.appex in Embed App Extensions */ = {isa = PBXBuildFile; fileRef = 0F40C65B246730C400455438 /* First Watch App WatchKit Extension.appex */; settings = {ATTRIBUTES = (RemoveHeadersOnCopy, ); }; };
		0F40C661246730C400455438 /* ContentView.swift in Sources */ = {isa = PBXBuildFile; fileRef = 0F40C660246730C400455438 /* ContentView.swift */; };
		0F40C663246730C400455438 /* HostingController.swift in Sources */ = {isa = PBXBuildFile; fileRef = 0F40C662246730C400455438 /* HostingController.swift */; };
		0F40C665246730C400455438 /* ExtensionDelegate.swift in Sources */ = {isa = PBXBuildFile; fileRef = 0F40C664246730C400455438 /* ExtensionDelegate.swift */; };
		0F40C667246730C400455438 /* NotificationController.swift in Sources */ = {isa = PBXBuildFile; fileRef = 0F40C666246730C400455438 /* NotificationController.swift */; };
		0F40C669246730C400455438 /* NotificationView.swift in Sources */ = {isa = PBXBuildFile; fileRef = 0F40C668246730C400455438 /* NotificationView.swift */; };
		0F40C66B246730C500455438 /* Assets.xcassets in Resources */ = {isa = PBXBuildFile; fileRef = 0F40C66A246730C500455438 /* Assets.xcassets */; };
		0F40C66E246730C500455438 /* Preview Assets.xcassets in Resources */ = {isa = PBXBuildFile; fileRef = 0F40C66D246730C500455438 /* Preview Assets.xcassets */; };
/* End PBXBuildFile section */

/* Begin PBXContainerItemProxy section */
		0F40C64E246730C200455438 /* PBXContainerItemProxy */ = {
			isa = PBXContainerItemProxy;
			containerPortal = 0F40C642246730C200455438 /* Project object */;
			proxyType = 1;
			remoteGlobalIDString = 0F40C64B246730C200455438;
			remoteInfo = "First Watch App WatchKit App";
		};
		0F40C65D246730C400455438 /* PBXContainerItemProxy */ = {
			isa = PBXContainerItemProxy;
			containerPortal = 0F40C642246730C200455438 /* Project object */;
			proxyType = 1;
			remoteGlobalIDString = 0F40C65A246730C400455438;
			remoteInfo = "First Watch App WatchKit Extension";
		};
/* End PBXContainerItemProxy section */

/* Begin PBXCopyFilesBuildPhase section */
		0F40C676246730C500455438 /* Embed App Extensions */ = {
			isa = PBXCopyFilesBuildPhase;
			buildActionMask = 2147483647;
			dstPath = "";
			dstSubfolderSpec = 13;
			files = (
				0F40C65C246730C400455438 /* First Watch App WatchKit Extension.appex in Embed App Extensions */,
			);
			name = "Embed App Extensions";
			runOnlyForDeploymentPostprocessing = 0;
		};
		0F40C67A246730C500455438 /* Embed Watch Content */ = {
			isa = PBXCopyFilesBuildPhase;
			buildActionMask = 2147483647;
			dstPath = "$(CONTENTS_FOLDER_PATH)/Watch";
			dstSubfolderSpec = 16;
			files = (
				0F40C64D246730C200455438 /* First Watch App WatchKit App.app in Embed Watch Content */,
			);
			name = "Embed Watch Content";
			runOnlyForDeploymentPostprocessing = 0;
		};
/* End PBXCopyFilesBuildPhase section */

/* Begin PBXFileReference section */
		0F40C648246730C200455438 /* First Watch App.app */ = {isa = PBXFileReference; explicitFileType = wrapper.application; includeInIndex = 0; path = "First Watch App.app"; sourceTree = BUILT_PRODUCTS_DIR; };
		0F40C64C246730C200455438 /* First Watch App WatchKit App.app */ = {isa = PBXFileReference; explicitFileType = wrapper.application; includeInIndex = 0; path = "First Watch App WatchKit App.app"; sourceTree = BUILT_PRODUCTS_DIR; };
		0F40C652246730C200455438 /* Base */ = {isa = PBXFileReference; lastKnownFileType = file.storyboard; name = Base; path = Base.lproj/Interface.storyboard; sourceTree = "<group>"; };
		0F40C654246730C400455438 /* Assets.xcassets */ = {isa = PBXFileReference; lastKnownFileType = folder.assetcatalog; path = Assets.xcassets; sourceTree = "<group>"; };
		0F40C656246730C400455438 /* Info.plist */ = {isa = PBXFileReference; lastKnownFileType = text.plist.xml; path = Info.plist; sourceTree = "<group>"; };
		0F40C65B246730C400455438 /* First Watch App WatchKit Extension.appex */ = {isa = PBXFileReference; explicitFileType = "wrapper.app-extension"; includeInIndex = 0; path = "First Watch App WatchKit Extension.appex"; sourceTree = BUILT_PRODUCTS_DIR; };
		0F40C660246730C400455438 /* ContentView.swift */ = {isa = PBXFileReference; lastKnownFileType = sourcecode.swift; path = ContentView.swift; sourceTree = "<group>"; };
		0F40C662246730C400455438 /* HostingController.swift */ = {isa = PBXFileReference; lastKnownFileType = sourcecode.swift; path = HostingController.swift; sourceTree = "<group>"; };
		0F40C664246730C400455438 /* ExtensionDelegate.swift */ = {isa = PBXFileReference; lastKnownFileType = sourcecode.swift; path = ExtensionDelegate.swift; sourceTree = "<group>"; };
		0F40C666246730C400455438 /* NotificationController.swift */ = {isa = PBXFileReference; lastKnownFileType = sourcecode.swift; path = NotificationController.swift; sourceTree = "<group>"; };
		0F40C668246730C400455438 /* NotificationView.swift */ = {isa = PBXFileReference; lastKnownFileType = sourcecode.swift; path = NotificationView.swift; sourceTree = "<group>"; };
		0F40C66A246730C500455438 /* Assets.xcassets */ = {isa = PBXFileReference; lastKnownFileType = folder.assetcatalog; path = Assets.xcassets; sourceTree = "<group>"; };
		0F40C66D246730C500455438 /* Preview Assets.xcassets */ = {isa = PBXFileReference; lastKnownFileType = folder.assetcatalog; path = "Preview Assets.xcassets"; sourceTree = "<group>"; };
		0F40C66F246730C500455438 /* Info.plist */ = {isa = PBXFileReference; lastKnownFileType = text.plist.xml; path = Info.plist; sourceTree = "<group>"; };
		0F40C670246730C500455438 /* PushNotificationPayload.apns */ = {isa = PBXFileReference; lastKnownFileType = text; path = PushNotificationPayload.apns; sourceTree = "<group>"; };
/* End PBXFileReference section */

/* Begin PBXFrameworksBuildPhase section */
		0F40C658246730C400455438 /* Frameworks */ = {
			isa = PBXFrameworksBuildPhase;
			buildActionMask = 2147483647;
			files = (
			);
			runOnlyForDeploymentPostprocessing = 0;
		};
/* End PBXFrameworksBuildPhase section */

/* Begin PBXGroup section */
		0F40C641246730C200455438 = {
			isa = PBXGroup;
			children = (
				0F40C650246730C200455438 /* First Watch App WatchKit App */,
				0F40C65F246730C400455438 /* First Watch App WatchKit Extension */,
				0F40C649246730C200455438 /* Products */,
			);
			sourceTree = "<group>";
		};
		0F40C649246730C200455438 /* Products */ = {
			isa = PBXGroup;
			children = (
				0F40C648246730C200455438 /* First Watch App.app */,
				0F40C64C246730C200455438 /* First Watch App WatchKit App.app */,
				0F40C65B246730C400455438 /* First Watch App WatchKit Extension.appex */,
			);
			name = Products;
			sourceTree = "<group>";
		};
		0F40C650246730C200455438 /* First Watch App WatchKit App */ = {
			isa = PBXGroup;
			children = (
				0F40C651246730C200455438 /* Interface.storyboard */,
				0F40C654246730C400455438 /* Assets.xcassets */,
				0F40C656246730C400455438 /* Info.plist */,
			);
			path = "First Watch App WatchKit App";
			sourceTree = "<group>";
		};
		0F40C65F246730C400455438 /* First Watch App WatchKit Extension */ = {
			isa = PBXGroup;
			children = (
				0F40C660246730C400455438 /* ContentView.swift */,
				0F40C662246730C400455438 /* HostingController.swift */,
				0F40C664246730C400455438 /* ExtensionDelegate.swift */,
				0F40C666246730C400455438 /* NotificationController.swift */,
				0F40C668246730C400455438 /* NotificationView.swift */,
				0F40C66A246730C500455438 /* Assets.xcassets */,
				0F40C66F246730C500455438 /* Info.plist */,
				0F40C670246730C500455438 /* PushNotificationPayload.apns */,
				0F40C66C246730C500455438 /* Preview Content */,
			);
			path = "First Watch App WatchKit Extension";
			sourceTree = "<group>";
		};
		0F40C66C246730C500455438 /* Preview Content */ = {
			isa = PBXGroup;
			children = (
				0F40C66D246730C500455438 /* Preview Assets.xcassets */,
			);
			path = "Preview Content";
			sourceTree = "<group>";
		};
/* End PBXGroup section */

/* Begin PBXNativeTarget section */
		0F40C647246730C200455438 /* First Watch App */ = {
			isa = PBXNativeTarget;
			buildConfigurationList = 0F40C67B246730C500455438 /* Build configuration list for PBXNativeTarget "First Watch App" */;
			buildPhases = (
				0F40C646246730C200455438 /* Resources */,
				0F40C67A246730C500455438 /* Embed Watch Content */,
			);
			buildRules = (
			);
			dependencies = (
				0F40C64F246730C200455438 /* PBXTargetDependency */,
			);
			name = "First Watch App";
			productName = "First Watch App";
			productReference = 0F40C648246730C200455438 /* First Watch App.app */;
			productType = "com.apple.product-type.application.watchapp2-container";
		};
		0F40C64B246730C200455438 /* First Watch App WatchKit App */ = {
			isa = PBXNativeTarget;
			buildConfigurationList = 0F40C677246730C500455438 /* Build configuration list for PBXNativeTarget "First Watch App WatchKit App" */;
			buildPhases = (
				0F40C64A246730C200455438 /* Resources */,
				0F40C676246730C500455438 /* Embed App Extensions */,
			);
			buildRules = (
			);
			dependencies = (
				0F40C65E246730C400455438 /* PBXTargetDependency */,
			);
			name = "First Watch App WatchKit App";
			productName = "First Watch App WatchKit App";
			productReference = 0F40C64C246730C200455438 /* First Watch App WatchKit App.app */;
			productType = "com.apple.product-type.application.watchapp2";
		};
		0F40C65A246730C400455438 /* First Watch App WatchKit Extension */ = {
			isa = PBXNativeTarget;
			buildConfigurationList = 0F40C673246730C500455438 /* Build configuration list for PBXNativeTarget "First Watch App WatchKit Extension" */;
			buildPhases = (
				0F40C657246730C400455438 /* Sources */,
				0F40C658246730C400455438 /* Frameworks */,
				0F40C659246730C400455438 /* Resources */,
			);
			buildRules = (
			);
			dependencies = (
			);
			name = "First Watch App WatchKit Extension";
			productName = "First Watch App WatchKit Extension";
			productReference = 0F40C65B246730C400455438 /* First Watch App WatchKit Extension.appex */;
			productType = "com.apple.product-type.watchkit2-extension";
		};
/* End PBXNativeTarget section */

/* Begin PBXProject section */
		0F40C642246730C200455438 /* Project object */ = {
			isa = PBXProject;
			attributes = {
				LastSwiftUpdateCheck = 1140;
				LastUpgradeCheck = 1140;
				ORGANIZATIONNAME = "Rodney Olson";
				TargetAttributes = {
					0F40C647246730C200455438 = {
						CreatedOnToolsVersion = 11.4.1;
					};
					0F40C64B246730C200455438 = {
						CreatedOnToolsVersion = 11.4.1;
					};
					0F40C65A246730C400455438 = {
						CreatedOnToolsVersion = 11.4.1;
					};
				};
			};
			buildConfigurationList = 0F40C645246730C200455438 /* Build configuration list for PBXProject "First Watch App" */;
			compatibilityVersion = "Xcode 9.3";
			developmentRegion = en;
			hasScannedForEncodings = 0;
			knownRegions = (
				en,
				Base,
			);
			mainGroup = 0F40C641246730C200455438;
			productRefGroup = 0F40C649246730C200455438 /* Products */;
			projectDirPath = "";
			projectRoot = "";
			targets = (
				0F40C647246730C200455438 /* First Watch App */,
				0F40C64B246730C200455438 /* First Watch App WatchKit App */,
				0F40C65A246730C400455438 /* First Watch App WatchKit Extension */,
			);
		};
/* End PBXProject section */

/* Begin PBXResourcesBuildPhase section */
		0F40C646246730C200455438 /* Resources */ = {
			isa = PBXResourcesBuildPhase;
			buildActionMask = 2147483647;
			files = (
			);
			runOnlyForDeploymentPostprocessing = 0;
		};
		0F40C64A246730C200455438 /* Resources */ = {
			isa = PBXResourcesBuildPhase;
			buildActionMask = 2147483647;
			files = (
				0F40C655246730C400455438 /* Assets.xcassets in Resources */,
				0F40C653246730C200455438 /* Interface.storyboard in Resources */,
			);
			runOnlyForDeploymentPostprocessing = 0;
		};
		0F40C659246730C400455438 /* Resources */ = {
			isa = PBXResourcesBuildPhase;
			buildActionMask = 2147483647;
			files = (
				0F40C66E246730C500455438 /* Preview Assets.xcassets in Resources */,
				0F40C66B246730C500455438 /* Assets.xcassets in Resources */,
			);
			runOnlyForDeploymentPostprocessing = 0;
		};
/* End PBXResourcesBuildPhase section */

/* Begin PBXSourcesBuildPhase section */
		0F40C657246730C400455438 /* Sources */ = {
			isa = PBXSourcesBuildPhase;
			buildActionMask = 2147483647;
			files = (
				0F40C663246730C400455438 /* HostingController.swift in Sources */,
				0F40C661246730C400455438 /* ContentView.swift in Sources */,
				0F40C667246730C400455438 /* NotificationController.swift in Sources */,
				0F40C665246730C400455438 /* ExtensionDelegate.swift in Sources */,
				0F40C669246730C400455438 /* NotificationView.swift in Sources */,
			);
			runOnlyForDeploymentPostprocessing = 0;
		};
/* End PBXSourcesBuildPhase section */

/* Begin PBXTargetDependency section */
		0F40C64F246730C200455438 /* PBXTargetDependency */ = {
			isa = PBXTargetDependency;
			target = 0F40C64B246730C200455438 /* First Watch App WatchKit App */;
			targetProxy = 0F40C64E246730C200455438 /* PBXContainerItemProxy */;
		};
		0F40C65E246730C400455438 /* PBXTargetDependency */ = {
			isa = PBXTargetDependency;
			target = 0F40C65A246730C400455438 /* First Watch App WatchKit Extension */;
			targetProxy = 0F40C65D246730C400455438 /* PBXContainerItemProxy */;
		};
/* End PBXTargetDependency section */

/* Begin PBXVariantGroup section */
		0F40C651246730C200455438 /* Interface.storyboard */ = {
			isa = PBXVariantGroup;
			children = (
				0F40C652246730C200455438 /* Base */,
			);
			name = Interface.storyboard;
			sourceTree = "<group>";
		};
/* End PBXVariantGroup section */

/* Begin XCBuildConfiguration section */
		0F40C671246730C500455438 /* Debug */ = {
			isa = XCBuildConfiguration;
			buildSettings = {
				ALWAYS_SEARCH_USER_PATHS = NO;
				CLANG_ANALYZER_NONNULL = YES;
				CLANG_ANALYZER_NUMBER_OBJECT_CONVERSION = YES_AGGRESSIVE;
				CLANG_CXX_LANGUAGE_STANDARD = "gnu++14";
				CLANG_CXX_LIBRARY = "libc++";
				CLANG_ENABLE_MODULES = YES;
				CLANG_ENABLE_OBJC_ARC = YES;
				CLANG_ENABLE_OBJC_WEAK = YES;
				CLANG_WARN_BLOCK_CAPTURE_AUTORELEASING = YES;
				CLANG_WARN_BOOL_CONVERSION = YES;
				CLANG_WARN_COMMA = YES;
				CLANG_WARN_CONSTANT_CONVERSION = YES;
				CLANG_WARN_DEPRECATED_OBJC_IMPLEMENTATIONS = YES;
				CLANG_WARN_DIRECT_OBJC_ISA_USAGE = YES_ERROR;
				CLANG_WARN_DOCUMENTATION_COMMENTS = YES;
				CLANG_WARN_EMPTY_BODY = YES;
				CLANG_WARN_ENUM_CONVERSION = YES;
				CLANG_WARN_INFINITE_RECURSION = YES;
				CLANG_WARN_INT_CONVERSION = YES;
				CLANG_WARN_NON_LITERAL_NULL_CONVERSION = YES;
				CLANG_WARN_OBJC_IMPLICIT_RETAIN_SELF = YES;
				CLANG_WARN_OBJC_LITERAL_CONVERSION = YES;
				CLANG_WARN_OBJC_ROOT_CLASS = YES_ERROR;
				CLANG_WARN_RANGE_LOOP_ANALYSIS = YES;
				CLANG_WARN_STRICT_PROTOTYPES = YES;
				CLANG_WARN_SUSPICIOUS_MOVE = YES;
				CLANG_WARN_UNGUARDED_AVAILABILITY = YES_AGGRESSIVE;
				CLANG_WARN_UNREACHABLE_CODE = YES;
				CLANG_WARN__DUPLICATE_METHOD_MATCH = YES;
				COPY_PHASE_STRIP = NO;
				DEBUG_INFORMATION_FORMAT = dwarf;
				ENABLE_STRICT_OBJC_MSGSEND = YES;
				ENABLE_TESTABILITY = YES;
				GCC_C_LANGUAGE_STANDARD = gnu11;
				GCC_DYNAMIC_NO_PIC = NO;
				GCC_NO_COMMON_BLOCKS = YES;
				GCC_OPTIMIZATION_LEVEL = 0;
				GCC_PREPROCESSOR_DEFINITIONS = (
					"DEBUG=1",
					"$(inherited)",
				);
				GCC_WARN_64_TO_32_BIT_CONVERSION = YES;
				GCC_WARN_ABOUT_RETURN_TYPE = YES_ERROR;
				GCC_WARN_UNDECLARED_SELECTOR = YES;
				GCC_WARN_UNINITIALIZED_AUTOS = YES_AGGRESSIVE;
				GCC_WARN_UNUSED_FUNCTION = YES;
				GCC_WARN_UNUSED_VARIABLE = YES;
				MTL_ENABLE_DEBUG_INFO = INCLUDE_SOURCE;
				MTL_FAST_MATH = YES;
				ONLY_ACTIVE_ARCH = YES;
				SDKROOT = iphoneos;
				SWIFT_ACTIVE_COMPILATION_CONDITIONS = DEBUG;
				SWIFT_OPTIMIZATION_LEVEL = "-Onone";
			};
			name = Debug;
		};
		0F40C672246730C500455438 /* Release */ = {
			isa = XCBuildConfiguration;
			buildSettings = {
				ALWAYS_SEARCH_USER_PATHS = NO;
				CLANG_ANALYZER_NONNULL = YES;
				CLANG_ANALYZER_NUMBER_OBJECT_CONVERSION = YES_AGGRESSIVE;
				CLANG_CXX_LANGUAGE_STANDARD = "gnu++14";
				CLANG_CXX_LIBRARY = "libc++";
				CLANG_ENABLE_MODULES = YES;
				CLANG_ENABLE_OBJC_ARC = YES;
				CLANG_ENABLE_OBJC_WEAK = YES;
				CLANG_WARN_BLOCK_CAPTURE_AUTORELEASING = YES;
				CLANG_WARN_BOOL_CONVERSION = YES;
				CLANG_WARN_COMMA = YES;
				CLANG_WARN_CONSTANT_CONVERSION = YES;
				CLANG_WARN_DEPRECATED_OBJC_IMPLEMENTATIONS = YES;
				CLANG_WARN_DIRECT_OBJC_ISA_USAGE = YES_ERROR;
				CLANG_WARN_DOCUMENTATION_COMMENTS = YES;
				CLANG_WARN_EMPTY_BODY = YES;
				CLANG_WARN_ENUM_CONVERSION = YES;
				CLANG_WARN_INFINITE_RECURSION = YES;
				CLANG_WARN_INT_CONVERSION = YES;
				CLANG_WARN_NON_LITERAL_NULL_CONVERSION = YES;
				CLANG_WARN_OBJC_IMPLICIT_RETAIN_SELF = YES;
				CLANG_WARN_OBJC_LITERAL_CONVERSION = YES;
				CLANG_WARN_OBJC_ROOT_CLASS = YES_ERROR;
				CLANG_WARN_RANGE_LOOP_ANALYSIS = YES;
				CLANG_WARN_STRICT_PROTOTYPES = YES;
				CLANG_WARN_SUSPICIOUS_MOVE = YES;
				CLANG_WARN_UNGUARDED_AVAILABILITY = YES_AGGRESSIVE;
				CLANG_WARN_UNREACHABLE_CODE = YES;
				CLANG_WARN__DUPLICATE_METHOD_MATCH = YES;
				COPY_PHASE_STRIP = NO;
				DEBUG_INFORMATION_FORMAT = "dwarf-with-dsym";
				ENABLE_NS_ASSERTIONS = NO;
				ENABLE_STRICT_OBJC_MSGSEND = YES;
				GCC_C_LANGUAGE_STANDARD = gnu11;
				GCC_NO_COMMON_BLOCKS = YES;
				GCC_WARN_64_TO_32_BIT_CONVERSION = YES;
				GCC_WARN_ABOUT_RETURN_TYPE = YES_ERROR;
				GCC_WARN_UNDECLARED_SELECTOR = YES;
				GCC_WARN_UNINITIALIZED_AUTOS = YES_AGGRESSIVE;
				GCC_WARN_UNUSED_FUNCTION = YES;
				GCC_WARN_UNUSED_VARIABLE = YES;
				MTL_ENABLE_DEBUG_INFO = NO;
				MTL_FAST_MATH = YES;
				SDKROOT = iphoneos;
				SWIFT_COMPILATION_MODE = wholemodule;
				SWIFT_OPTIMIZATION_LEVEL = "-O";
				VALIDATE_PRODUCT = YES;
			};
			name = Release;
		};
		0F40C674246730C500455438 /* Debug */ = {
			isa = XCBuildConfiguration;
			buildSettings = {
				ASSETCATALOG_COMPILER_COMPLICATION_NAME = Complication;
				CODE_SIGN_STYLE = Automatic;
				DEVELOPMENT_ASSET_PATHS = "\"First Watch App WatchKit Extension/Preview Content\"";
				DEVELOPMENT_TEAM = TYK2X2RPPB;
				ENABLE_PREVIEWS = YES;
				INFOPLIST_FILE = "First Watch App WatchKit Extension/Info.plist";
				LD_RUNPATH_SEARCH_PATHS = (
					"$(inherited)",
					"@executable_path/Frameworks",
					"@executable_path/../../Frameworks",
				);
				PRODUCT_BUNDLE_IDENTIFIER = "rolson.First-Watch-App.watchkitapp.watchkitextension";
				PRODUCT_NAME = "${TARGET_NAME}";
				SDKROOT = watchos;
				SKIP_INSTALL = YES;
				SWIFT_VERSION = 5.0;
				TARGETED_DEVICE_FAMILY = 4;
				WATCHOS_DEPLOYMENT_TARGET = 6.2;
			};
			name = Debug;
		};
		0F40C675246730C500455438 /* Release */ = {
			isa = XCBuildConfiguration;
			buildSettings = {
				ASSETCATALOG_COMPILER_COMPLICATION_NAME = Complication;
				CODE_SIGN_STYLE = Automatic;
				DEVELOPMENT_ASSET_PATHS = "\"First Watch App WatchKit Extension/Preview Content\"";
				DEVELOPMENT_TEAM = TYK2X2RPPB;
				ENABLE_PREVIEWS = YES;
				INFOPLIST_FILE = "First Watch App WatchKit Extension/Info.plist";
				LD_RUNPATH_SEARCH_PATHS = (
					"$(inherited)",
					"@executable_path/Frameworks",
					"@executable_path/../../Frameworks",
				);
				PRODUCT_BUNDLE_IDENTIFIER = "rolson.First-Watch-App.watchkitapp.watchkitextension";
				PRODUCT_NAME = "${TARGET_NAME}";
				SDKROOT = watchos;
				SKIP_INSTALL = YES;
				SWIFT_VERSION = 5.0;
				TARGETED_DEVICE_FAMILY = 4;
				WATCHOS_DEPLOYMENT_TARGET = 6.2;
			};
			name = Release;
		};
		0F40C678246730C500455438 /* Debug */ = {
			isa = XCBuildConfiguration;
			buildSettings = {
				ALWAYS_EMBED_SWIFT_STANDARD_LIBRARIES = YES;
				ASSETCATALOG_COMPILER_APPICON_NAME = AppIcon;
				CODE_SIGN_STYLE = Automatic;
				DEVELOPMENT_TEAM = TYK2X2RPPB;
				IBSC_MODULE = First_Watch_App_WatchKit_Extension;
				INFOPLIST_FILE = "First Watch App WatchKit App/Info.plist";
				PRODUCT_BUNDLE_IDENTIFIER = "rolson.First-Watch-App.watchkitapp";
				PRODUCT_NAME = "$(TARGET_NAME)";
				SDKROOT = watchos;
				SKIP_INSTALL = YES;
				SWIFT_VERSION = 5.0;
				TARGETED_DEVICE_FAMILY = 4;
				WATCHOS_DEPLOYMENT_TARGET = 6.2;
			};
			name = Debug;
		};
		0F40C679246730C500455438 /* Release */ = {
			isa = XCBuildConfiguration;
			buildSettings = {
				ALWAYS_EMBED_SWIFT_STANDARD_LIBRARIES = YES;
				ASSETCATALOG_COMPILER_APPICON_NAME = AppIcon;
				CODE_SIGN_STYLE = Automatic;
				DEVELOPMENT_TEAM = TYK2X2RPPB;
				IBSC_MODULE = First_Watch_App_WatchKit_Extension;
				INFOPLIST_FILE = "First Watch App WatchKit App/Info.plist";
				PRODUCT_BUNDLE_IDENTIFIER = "rolson.First-Watch-App.watchkitapp";
				PRODUCT_NAME = "$(TARGET_NAME)";
				SDKROOT = watchos;
				SKIP_INSTALL = YES;
				SWIFT_VERSION = 5.0;
				TARGETED_DEVICE_FAMILY = 4;
				WATCHOS_DEPLOYMENT_TARGET = 6.2;
			};
			name = Release;
		};
		0F40C67C246730C500455438 /* Debug */ = {
			isa = XCBuildConfiguration;
			buildSettings = {
				CODE_SIGN_STYLE = Automatic;
				CURRENT_PROJECT_VERSION = 1;
				DEVELOPMENT_TEAM = TYK2X2RPPB;
				MARKETING_VERSION = 1.0;
				PRODUCT_BUNDLE_IDENTIFIER = "rolson.First-Watch-App";
				PRODUCT_NAME = "$(TARGET_NAME)";
				SWIFT_VERSION = 5.0;
			};
			name = Debug;
		};
		0F40C67D246730C500455438 /* Release */ = {
			isa = XCBuildConfiguration;
			buildSettings = {
				CODE_SIGN_STYLE = Automatic;
				CURRENT_PROJECT_VERSION = 1;
				DEVELOPMENT_TEAM = TYK2X2RPPB;
				MARKETING_VERSION = 1.0;
				PRODUCT_BUNDLE_IDENTIFIER = "rolson.First-Watch-App";
				PRODUCT_NAME = "$(TARGET_NAME)";
				SWIFT_VERSION = 5.0;
			};
			name = Release;
		};
/* End XCBuildConfiguration section */

/* Begin XCConfigurationList section */
		0F40C645246730C200455438 /* Build configuration list for PBXProject "First Watch App" */ = {
			isa = XCConfigurationList;
			buildConfigurations = (
				0F40C671246730C500455438 /* Debug */,
				0F40C672246730C500455438 /* Release */,
			);
			defaultConfigurationIsVisible = 0;
			defaultConfigurationName = Release;
		};
		0F40C673246730C500455438 /* Build configuration list for PBXNativeTarget "First Watch App WatchKit Extension" */ = {
			isa = XCConfigurationList;
			buildConfigurations = (
				0F40C674246730C500455438 /* Debug */,
				0F40C675246730C500455438 /* Release */,
			);
			defaultConfigurationIsVisible = 0;
			defaultConfigurationName = Release;
		};
		0F40C677246730C500455438 /* Build configuration list for PBXNativeTarget "First Watch App WatchKit App" */ = {
			isa = XCConfigurationList;
			buildConfigurations = (
				0F40C678246730C500455438 /* Debug */,
				0F40C679246730C500455438 /* Release */,
			);
			defaultConfigurationIsVisible = 0;
			defaultConfigurationName = Release;
		};
		0F40C67B246730C500455438 /* Build configuration list for PBXNativeTarget "First Watch App" */ = {
			isa = XCConfigurationList;
			buildConfigurations = (
				0F40C67C246730C500455438 /* Debug */,
				0F40C67D246730C500455438 /* Release */,
			);
			defaultConfigurationIsVisible = 0;
			defaultConfigurationName = Release;
		};
/* End XCConfigurationList section */
	};
	rootObject = 0F40C642246730C200455438 /* Project object */;
}
